
Microsoft Visual Studio Solution File, Format Version 12.00
# Visual Studio Version 17
VisualStudioVersion = 17.7.34024.191
MinimumVisualStudioVersion = 10.0.40219.1
Project("{2150E333-8FDC-42A3-9474-1A3956D46DE8}") = "Services", "Services", "{FF031CC9-7D1A-489B-B510-2AE20A26B791}"
EndProject
Project("{2150E333-8FDC-42A3-9474-1A3956D46DE8}") = "Catalog", "Catalog", "{87F899B9-E7B9-4E0B-B11B-D8C9BE26E638}"
EndProject
Project("{FAE04EC0-301F-11D3-BF4B-00C04F79EFBC}") = "Catalog.API", "Services\Catalog\Catalog.API\Catalog.API.csproj", "{B431755E-AEA2-4FFD-8B67-926AD585CB07}"
EndProject
Project("{E53339B2-1760-4266-BCC7-CA923CBCF16C}") = "docker-compose", "docker-compose.dcproj", "{A7481A5C-2A27-4D5B-894C-2AD88F591F2C}"
EndProject
Project("{2150E333-8FDC-42A3-9474-1A3956D46DE8}") = "Basket", "Basket", "{34912547-0B8B-4D8E-A1A6-1390F4461291}"
EndProject
Project("{FAE04EC0-301F-11D3-BF4B-00C04F79EFBC}") = "Basket.API", "Services\Basket\Basket.API\Basket.API.csproj", "{C6F06770-06DD-47DE-AA73-651D91DE5EAF}"
EndProject
Project("{2150E333-8FDC-42A3-9474-1A3956D46DE8}") = "Discount", "Discount", "{1C144FBE-C564-4173-B027-DE7A4DD85276}"
EndProject
Project("{FAE04EC0-301F-11D3-BF4B-00C04F79EFBC}") = "Discount.API", "Services\Discount\Discount.API\Discount.API.csproj", "{48477B04-C952-4B5E-9707-1834925B7BD4}"
EndProject
Project("{FAE04EC0-301F-11D3-BF4B-00C04F79EFBC}") = "Discount.Grpc", "Services\Discount\Discount.Grpc\Discount.Grpc.csproj", "{94E5B4B8-98CF-4CB1-AE4B-0C4E5913BE59}"
EndProject
Global
	GlobalSection(SolutionConfigurationPlatforms) = preSolution
		Debug|Any CPU = Debug|Any CPU
		Release|Any CPU = Release|Any CPU
	EndGlobalSection
	GlobalSection(ProjectConfigurationPlatforms) = postSolution
		{B431755E-AEA2-4FFD-8B67-926AD585CB07}.Debug|Any CPU.ActiveCfg = Debug|Any CPU
		{B431755E-AEA2-4FFD-8B67-926AD585CB07}.Debug|Any CPU.Build.0 = Debug|Any CPU
		{B431755E-AEA2-4FFD-8B67-926AD585CB07}.Release|Any CPU.ActiveCfg = Release|Any CPU
		{B431755E-AEA2-4FFD-8B67-926AD585CB07}.Release|Any CPU.Build.0 = Release|Any CPU
		{A7481A5C-2A27-4D5B-894C-2AD88F591F2C}.Debug|Any CPU.ActiveCfg = Debug|Any CPU
		{A7481A5C-2A27-4D5B-894C-2AD88F591F2C}.Debug|Any CPU.Build.0 = Debug|Any CPU
		{A7481A5C-2A27-4D5B-894C-2AD88F591F2C}.Release|Any CPU.ActiveCfg = Release|Any CPU
		{A7481A5C-2A27-4D5B-894C-2AD88F591F2C}.Release|Any CPU.Build.0 = Release|Any CPU
		{C6F06770-06DD-47DE-AA73-651D91DE5EAF}.Debug|Any CPU.ActiveCfg = Debug|Any CPU
		{C6F06770-06DD-47DE-AA73-651D91DE5EAF}.Debug|Any CPU.Build.0 = Debug|Any CPU
		{C6F06770-06DD-47DE-AA73-651D91DE5EAF}.Release|Any CPU.ActiveCfg = Release|Any CPU
		{C6F06770-06DD-47DE-AA73-651D91DE5EAF}.Release|Any CPU.Build.0 = Release|Any CPU
		{48477B04-C952-4B5E-9707-1834925B7BD4}.Debug|Any CPU.ActiveCfg = Debug|Any CPU
		{48477B04-C952-4B5E-9707-1834925B7BD4}.Debug|Any CPU.Build.0 = Debug|Any CPU
		{48477B04-C952-4B5E-9707-1834925B7BD4}.Release|Any CPU.ActiveCfg = Release|Any CPU
		{48477B04-C952-4B5E-9707-1834925B7BD4}.Release|Any CPU.Build.0 = Release|Any CPU
		{94E5B4B8-98CF-4CB1-AE4B-0C4E5913BE59}.Debug|Any CPU.ActiveCfg = Debug|Any CPU
		{94E5B4B8-98CF-4CB1-AE4B-0C4E5913BE59}.Debug|Any CPU.Build.0 = Debug|Any CPU
		{94E5B4B8-98CF-4CB1-AE4B-0C4E5913BE59}.Release|Any CPU.ActiveCfg = Release|Any CPU
		{94E5B4B8-98CF-4CB1-AE4B-0C4E5913BE59}.Release|Any CPU.Build.0 = Release|Any CPU
	EndGlobalSection
	GlobalSection(SolutionProperties) = preSolution
		HideSolutionNode = FALSE
	EndGlobalSection
	GlobalSection(NestedProjects) = preSolution
		{87F899B9-E7B9-4E0B-B11B-D8C9BE26E638} = {FF031CC9-7D1A-489B-B510-2AE20A26B791}
		{B431755E-AEA2-4FFD-8B67-926AD585CB07} = {87F899B9-E7B9-4E0B-B11B-D8C9BE26E638}
		{34912547-0B8B-4D8E-A1A6-1390F4461291} = {FF031CC9-7D1A-489B-B510-2AE20A26B791}
		{C6F06770-06DD-47DE-AA73-651D91DE5EAF} = {34912547-0B8B-4D8E-A1A6-1390F4461291}
		{1C144FBE-C564-4173-B027-DE7A4DD85276} = {FF031CC9-7D1A-489B-B510-2AE20A26B791}
		{48477B04-C952-4B5E-9707-1834925B7BD4} = {1C144FBE-C564-4173-B027-DE7A4DD85276}
		{94E5B4B8-98CF-4CB1-AE4B-0C4E5913BE59} = {1C144FBE-C564-4173-B027-DE7A4DD85276}
	EndGlobalSection
	GlobalSection(ExtensibilityGlobals) = postSolution
		SolutionGuid = {D2AE5CF8-606D-48D5-8BBF-8709CE6F41C0}
	EndGlobalSection
EndGlobal
